
Microsoft Visual Studio Solution File, Format Version 12.00
# Visual Studio Version 16
VisualStudioVersion = 16.0.31424.327
MinimumVisualStudioVersion = 10.0.40219.1
Project("{FAE04EC0-301F-11D3-BF4B-00C04F79EFBC}") = "WordChain_System", "WordChain_System\WordChain_System.csproj", "{106FF69D-434E-4E1C-8443-6D7DDAC63017}"
EndProject
Global
	GlobalSection(SolutionConfigurationPlatforms) = preSolution
		Debug|Any CPU = Debug|Any CPU
		Release|Any CPU = Release|Any CPU
	EndGlobalSection
	GlobalSection(ProjectConfigurationPlatforms) = postSolution
		{106FF69D-434E-4E1C-8443-6D7DDAC63017}.Debug|Any CPU.ActiveCfg = Debug|Any CPU
		{106FF69D-434E-4E1C-8443-6D7DDAC63017}.Debug|Any CPU.Build.0 = Debug|Any CPU
		{106FF69D-434E-4E1C-8443-6D7DDAC63017}.Release|Any CPU.ActiveCfg = Release|Any CPU
		{106FF69D-434E-4E1C-8443-6D7DDAC63017}.Release|Any CPU.Build.0 = Release|Any CPU
	EndGlobalSection
	GlobalSection(SolutionProperties) = preSolution
		HideSolutionNode = FALSE
	EndGlobalSection
	GlobalSection(ExtensibilityGlobals) = postSolution
		SolutionGuid = {C6036D09-E12B-4218-9974-5F34678DAB63}
	EndGlobalSection
EndGlobal
